{
  "name": "PMOSkills",
  "lockfileVersion": 3,
  "requires": true,
  "packages": {
    "": {
      "dependencies": {
        "pmoskills": "^0.5.1"
      }
    },
    "node_modules/pmoskills": {
      "version": "0.5.1",
      "resolved": "https://registry.npmjs.org/pmoskills/-/pmoskills-0.5.1.tgz",
      "integrity": "sha512-/UXIpFsnCEo3eKl4BP7yCUUCtd4+UERyyM7GtCA0dXM759aaG9UcuF3PNgBdi8xTaRFvpA7VEhaH6V9AydE/kA==",
      "license": "MIT"
    }
  }
}
